
Microsoft Visual Studio Solution File, Format Version 12.00
# Visual Studio 15
VisualStudioVersion = 15.0.27703.2000
MinimumVisualStudioVersion = 10.0.40219.1
Project("{FAE04EC0-301F-11D3-BF4B-00C04F79EFBC}") = "EditorTrueFalse", "EditorTrueFalse\EditorTrueFalse.csproj", "{7ED0FCBF-96DB-4109-B1B3-BBF1CBB63160}"
EndProject
Project("{FAE04EC0-301F-11D3-BF4B-00C04F79EFBC}") = "GameTrueFalse", "GameTrueFalse\GameTrueFalse.csproj", "{63238C85-451F-4528-99D6-6B5EC829571C}"
EndProject
Project("{FAE04EC0-301F-11D3-BF4B-00C04F79EFBC}") = "Csv2Xml", "Csv2Xml\Csv2Xml.csproj", "{BD94506C-3B34-42E6-A99D-876CCEE43D83}"
EndProject
Global
	GlobalSection(SolutionConfigurationPlatforms) = preSolution
		Debug|Any CPU = Debug|Any CPU
		Release|Any CPU = Release|Any CPU
	EndGlobalSection
	GlobalSection(ProjectConfigurationPlatforms) = postSolution
		{7ED0FCBF-96DB-4109-B1B3-BBF1CBB63160}.Debug|Any CPU.ActiveCfg = Debug|Any CPU
		{7ED0FCBF-96DB-4109-B1B3-BBF1CBB63160}.Debug|Any CPU.Build.0 = Debug|Any CPU
		{7ED0FCBF-96DB-4109-B1B3-BBF1CBB63160}.Release|Any CPU.ActiveCfg = Release|Any CPU
		{7ED0FCBF-96DB-4109-B1B3-BBF1CBB63160}.Release|Any CPU.Build.0 = Release|Any CPU
		{63238C85-451F-4528-99D6-6B5EC829571C}.Debug|Any CPU.ActiveCfg = Debug|Any CPU
		{63238C85-451F-4528-99D6-6B5EC829571C}.Debug|Any CPU.Build.0 = Debug|Any CPU
		{63238C85-451F-4528-99D6-6B5EC829571C}.Release|Any CPU.ActiveCfg = Release|Any CPU
		{63238C85-451F-4528-99D6-6B5EC829571C}.Release|Any CPU.Build.0 = Release|Any CPU
		{BD94506C-3B34-42E6-A99D-876CCEE43D83}.Debug|Any CPU.ActiveCfg = Debug|Any CPU
		{BD94506C-3B34-42E6-A99D-876CCEE43D83}.Debug|Any CPU.Build.0 = Debug|Any CPU
		{BD94506C-3B34-42E6-A99D-876CCEE43D83}.Release|Any CPU.ActiveCfg = Release|Any CPU
		{BD94506C-3B34-42E6-A99D-876CCEE43D83}.Release|Any CPU.Build.0 = Release|Any CPU
	EndGlobalSection
	GlobalSection(SolutionProperties) = preSolution
		HideSolutionNode = FALSE
	EndGlobalSection
	GlobalSection(ExtensibilityGlobals) = postSolution
		SolutionGuid = {4857A6F4-7DB5-4C9C-95B4-4D45174F31CA}
	EndGlobalSection
EndGlobal
